
Microsoft Visual Studio Solution File, Format Version 12.00
# Visual Studio Version 17
VisualStudioVersion = 17.10.35004.147
MinimumVisualStudioVersion = 10.0.40219.1
Project("{8BC9CEB8-8B4A-11D0-8D11-00A0C91BC942}") = "tz1x", "tz1\tz1x.vcxproj", "{4052BCBD-FED4-4D82-AE99-1D15A105CF6B}"
EndProject
Project("{8BC9CEB8-8B4A-11D0-8D11-00A0C91BC942}") = "tz2x", "tz2\tz2x.vcxproj", "{9EB7F4AD-BC1A-46D5-AAEA-D22C2EC7E571}"
EndProject
Project("{8BC9CEB8-8B4A-11D0-8D11-00A0C91BC942}") = "tz3x-1", "tz3\tz3x-1\tz3x-1.vcxproj", "{7CE9C2B0-3781-4438-BE09-7A81F6FA5D2A}"
EndProject
Project("{8BC9CEB8-8B4A-11D0-8D11-00A0C91BC942}") = "tz3x-2", "tz3\tz3x-2\tz3x-2.vcxproj", "{20510316-ED0A-413E-9B54-5E4D67708F42}"
EndProject
Project("{8BC9CEB8-8B4A-11D0-8D11-00A0C91BC942}") = "tz4-10", "tz4\tz4-10\tz4-10.vcxproj", "{4A497BBA-C0E9-4104-9A37-CBD0EBB1A26D}"
EndProject
Project("{8BC9CEB8-8B4A-11D0-8D11-00A0C91BC942}") = "tz4-12", "tz4\tz4-12\tz4-12.vcxproj", "{77310E97-0BC6-4378-861E-7BF580D75C19}"
EndProject
Project("{8BC9CEB8-8B4A-11D0-8D11-00A0C91BC942}") = "tz4x-1", "tz4\tz4x-1\tz4x-1.vcxproj", "{967FA26D-7752-488D-A0C0-CDF6F0F4D748}"
EndProject
Project("{8BC9CEB8-8B4A-11D0-8D11-00A0C91BC942}") = "tz4x-2", "tz4\tz4x-2\tz4x-2.vcxproj", "{EB01DD12-5B5D-4913-9980-C53A84297CB9}"
EndProject
Project("{2150E333-8FDC-42A3-9474-1A3956D46DE8}") = "tz1", "tz1", "{B487A5CC-6592-42C6-81E0-9E19BD17EAD8}"
EndProject
Project("{2150E333-8FDC-42A3-9474-1A3956D46DE8}") = "tz2", "tz2", "{3DB90D28-46FC-4642-9A60-2F399D98D19F}"
EndProject
Project("{2150E333-8FDC-42A3-9474-1A3956D46DE8}") = "tz3", "tz3", "{33003F06-9DF9-43DF-9D0E-FBE0A174050B}"
EndProject
Project("{2150E333-8FDC-42A3-9474-1A3956D46DE8}") = "tz4", "tz4", "{31613D46-D37E-4E1D-9B73-37D3A545A43C}"
EndProject
Project("{2150E333-8FDC-42A3-9474-1A3956D46DE8}") = "tz5", "tz5", "{DF7F9D95-37FD-4F32-9C86-86648F0C8E55}"
	ProjectSection(SolutionItems) = preProject
		tz5\null.txt = tz5\null.txt
	EndProjectSection
EndProject
Project("{2150E333-8FDC-42A3-9474-1A3956D46DE8}") = "tz6", "tz6", "{E9AD87B4-28C6-4464-AD3D-DFE8672E0423}"
EndProject
Project("{2150E333-8FDC-42A3-9474-1A3956D46DE8}") = "tz7", "tz7", "{E9417830-92AD-4156-83B2-7CB74E06DFD3}"
EndProject
Project("{2150E333-8FDC-42A3-9474-1A3956D46DE8}") = "tz8", "tz8", "{484D4CBC-EF99-468A-A934-B7141591F242}"
EndProject
Project("{2150E333-8FDC-42A3-9474-1A3956D46DE8}") = "tz9", "tz9", "{04A6911A-D910-4DE0-8D5D-392C2358DEF9}"
EndProject
Project("{2150E333-8FDC-42A3-9474-1A3956D46DE8}") = "tz10", "tz10", "{C0EE7C44-6557-4026-9771-4EC61816713A}"
EndProject
Project("{2150E333-8FDC-42A3-9474-1A3956D46DE8}") = "tz11", "tz11", "{6FFC1653-8E42-44C6-88AB-C8D0106758FB}"
EndProject
Global
	GlobalSection(SolutionConfigurationPlatforms) = preSolution
		Debug|x64 = Debug|x64
		Debug|x86 = Debug|x86
		Release|x64 = Release|x64
		Release|x86 = Release|x86
	EndGlobalSection
	GlobalSection(ProjectConfigurationPlatforms) = postSolution
		{4052BCBD-FED4-4D82-AE99-1D15A105CF6B}.Debug|x64.ActiveCfg = Debug|x64
		{4052BCBD-FED4-4D82-AE99-1D15A105CF6B}.Debug|x64.Build.0 = Debug|x64
		{4052BCBD-FED4-4D82-AE99-1D15A105CF6B}.Debug|x86.ActiveCfg = Debug|Win32
		{4052BCBD-FED4-4D82-AE99-1D15A105CF6B}.Debug|x86.Build.0 = Debug|Win32
		{4052BCBD-FED4-4D82-AE99-1D15A105CF6B}.Release|x64.ActiveCfg = Release|x64
		{4052BCBD-FED4-4D82-AE99-1D15A105CF6B}.Release|x64.Build.0 = Release|x64
		{4052BCBD-FED4-4D82-AE99-1D15A105CF6B}.Release|x86.ActiveCfg = Release|Win32
		{4052BCBD-FED4-4D82-AE99-1D15A105CF6B}.Release|x86.Build.0 = Release|Win32
		{9EB7F4AD-BC1A-46D5-AAEA-D22C2EC7E571}.Debug|x64.ActiveCfg = Debug|x64
		{9EB7F4AD-BC1A-46D5-AAEA-D22C2EC7E571}.Debug|x64.Build.0 = Debug|x64
		{9EB7F4AD-BC1A-46D5-AAEA-D22C2EC7E571}.Debug|x86.ActiveCfg = Debug|Win32
		{9EB7F4AD-BC1A-46D5-AAEA-D22C2EC7E571}.Debug|x86.Build.0 = Debug|Win32
		{9EB7F4AD-BC1A-46D5-AAEA-D22C2EC7E571}.Release|x64.ActiveCfg = Release|x64
		{9EB7F4AD-BC1A-46D5-AAEA-D22C2EC7E571}.Release|x64.Build.0 = Release|x64
		{9EB7F4AD-BC1A-46D5-AAEA-D22C2EC7E571}.Release|x86.ActiveCfg = Release|Win32
		{9EB7F4AD-BC1A-46D5-AAEA-D22C2EC7E571}.Release|x86.Build.0 = Release|Win32
		{7CE9C2B0-3781-4438-BE09-7A81F6FA5D2A}.Debug|x64.ActiveCfg = Debug|x64
		{7CE9C2B0-3781-4438-BE09-7A81F6FA5D2A}.Debug|x64.Build.0 = Debug|x64
		{7CE9C2B0-3781-4438-BE09-7A81F6FA5D2A}.Debug|x86.ActiveCfg = Debug|Win32
		{7CE9C2B0-3781-4438-BE09-7A81F6FA5D2A}.Debug|x86.Build.0 = Debug|Win32
		{7CE9C2B0-3781-4438-BE09-7A81F6FA5D2A}.Release|x64.ActiveCfg = Release|x64
		{7CE9C2B0-3781-4438-BE09-7A81F6FA5D2A}.Release|x64.Build.0 = Release|x64
		{7CE9C2B0-3781-4438-BE09-7A81F6FA5D2A}.Release|x86.ActiveCfg = Release|Win32
		{7CE9C2B0-3781-4438-BE09-7A81F6FA5D2A}.Release|x86.Build.0 = Release|Win32
		{20510316-ED0A-413E-9B54-5E4D67708F42}.Debug|x64.ActiveCfg = Debug|x64
		{20510316-ED0A-413E-9B54-5E4D67708F42}.Debug|x64.Build.0 = Debug|x64
		{20510316-ED0A-413E-9B54-5E4D67708F42}.Debug|x86.ActiveCfg = Debug|Win32
		{20510316-ED0A-413E-9B54-5E4D67708F42}.Debug|x86.Build.0 = Debug|Win32
		{20510316-ED0A-413E-9B54-5E4D67708F42}.Release|x64.ActiveCfg = Release|x64
		{20510316-ED0A-413E-9B54-5E4D67708F42}.Release|x64.Build.0 = Release|x64
		{20510316-ED0A-413E-9B54-5E4D67708F42}.Release|x86.ActiveCfg = Release|Win32
		{20510316-ED0A-413E-9B54-5E4D67708F42}.Release|x86.Build.0 = Release|Win32
		{4A497BBA-C0E9-4104-9A37-CBD0EBB1A26D}.Debug|x64.ActiveCfg = Debug|x64
		{4A497BBA-C0E9-4104-9A37-CBD0EBB1A26D}.Debug|x64.Build.0 = Debug|x64
		{4A497BBA-C0E9-4104-9A37-CBD0EBB1A26D}.Debug|x86.ActiveCfg = Debug|Win32
		{4A497BBA-C0E9-4104-9A37-CBD0EBB1A26D}.Debug|x86.Build.0 = Debug|Win32
		{4A497BBA-C0E9-4104-9A37-CBD0EBB1A26D}.Release|x64.ActiveCfg = Release|x64
		{4A497BBA-C0E9-4104-9A37-CBD0EBB1A26D}.Release|x64.Build.0 = Release|x64
		{4A497BBA-C0E9-4104-9A37-CBD0EBB1A26D}.Release|x86.ActiveCfg = Release|Win32
		{4A497BBA-C0E9-4104-9A37-CBD0EBB1A26D}.Release|x86.Build.0 = Release|Win32
		{77310E97-0BC6-4378-861E-7BF580D75C19}.Debug|x64.ActiveCfg = Debug|x64
		{77310E97-0BC6-4378-861E-7BF580D75C19}.Debug|x64.Build.0 = Debug|x64
		{77310E97-0BC6-4378-861E-7BF580D75C19}.Debug|x86.ActiveCfg = Debug|Win32
		{77310E97-0BC6-4378-861E-7BF580D75C19}.Debug|x86.Build.0 = Debug|Win32
		{77310E97-0BC6-4378-861E-7BF580D75C19}.Release|x64.ActiveCfg = Release|x64
		{77310E97-0BC6-4378-861E-7BF580D75C19}.Release|x64.Build.0 = Release|x64
		{77310E97-0BC6-4378-861E-7BF580D75C19}.Release|x86.ActiveCfg = Release|Win32
		{77310E97-0BC6-4378-861E-7BF580D75C19}.Release|x86.Build.0 = Release|Win32
		{967FA26D-7752-488D-A0C0-CDF6F0F4D748}.Debug|x64.ActiveCfg = Debug|x64
		{967FA26D-7752-488D-A0C0-CDF6F0F4D748}.Debug|x64.Build.0 = Debug|x64
		{967FA26D-7752-488D-A0C0-CDF6F0F4D748}.Debug|x86.ActiveCfg = Debug|Win32
		{967FA26D-7752-488D-A0C0-CDF6F0F4D748}.Debug|x86.Build.0 = Debug|Win32
		{967FA26D-7752-488D-A0C0-CDF6F0F4D748}.Release|x64.ActiveCfg = Release|x64
		{967FA26D-7752-488D-A0C0-CDF6F0F4D748}.Release|x64.Build.0 = Release|x64
		{967FA26D-7752-488D-A0C0-CDF6F0F4D748}.Release|x86.ActiveCfg = Release|Win32
		{967FA26D-7752-488D-A0C0-CDF6F0F4D748}.Release|x86.Build.0 = Release|Win32
		{EB01DD12-5B5D-4913-9980-C53A84297CB9}.Debug|x64.ActiveCfg = Debug|x64
		{EB01DD12-5B5D-4913-9980-C53A84297CB9}.Debug|x64.Build.0 = Debug|x64
		{EB01DD12-5B5D-4913-9980-C53A84297CB9}.Debug|x86.ActiveCfg = Debug|Win32
		{EB01DD12-5B5D-4913-9980-C53A84297CB9}.Debug|x86.Build.0 = Debug|Win32
		{EB01DD12-5B5D-4913-9980-C53A84297CB9}.Release|x64.ActiveCfg = Release|x64
		{EB01DD12-5B5D-4913-9980-C53A84297CB9}.Release|x64.Build.0 = Release|x64
		{EB01DD12-5B5D-4913-9980-C53A84297CB9}.Release|x86.ActiveCfg = Release|Win32
		{EB01DD12-5B5D-4913-9980-C53A84297CB9}.Release|x86.Build.0 = Release|Win32
	EndGlobalSection
	GlobalSection(SolutionProperties) = preSolution
		HideSolutionNode = FALSE
	EndGlobalSection
	GlobalSection(NestedProjects) = preSolution
		{4052BCBD-FED4-4D82-AE99-1D15A105CF6B} = {B487A5CC-6592-42C6-81E0-9E19BD17EAD8}
		{9EB7F4AD-BC1A-46D5-AAEA-D22C2EC7E571} = {3DB90D28-46FC-4642-9A60-2F399D98D19F}
		{7CE9C2B0-3781-4438-BE09-7A81F6FA5D2A} = {33003F06-9DF9-43DF-9D0E-FBE0A174050B}
		{20510316-ED0A-413E-9B54-5E4D67708F42} = {33003F06-9DF9-43DF-9D0E-FBE0A174050B}
		{4A497BBA-C0E9-4104-9A37-CBD0EBB1A26D} = {31613D46-D37E-4E1D-9B73-37D3A545A43C}
		{77310E97-0BC6-4378-861E-7BF580D75C19} = {31613D46-D37E-4E1D-9B73-37D3A545A43C}
		{967FA26D-7752-488D-A0C0-CDF6F0F4D748} = {31613D46-D37E-4E1D-9B73-37D3A545A43C}
		{EB01DD12-5B5D-4913-9980-C53A84297CB9} = {31613D46-D37E-4E1D-9B73-37D3A545A43C}
	EndGlobalSection
	GlobalSection(ExtensibilityGlobals) = postSolution
		SolutionGuid = {B9BB24C0-7040-4F1A-B035-82D4B38FEB0E}
	EndGlobalSection
EndGlobal
