
Microsoft Visual Studio Solution File, Format Version 12.00
# Visual Studio Version 17
VisualStudioVersion = 17.10.35004.147
MinimumVisualStudioVersion = 10.0.40219.1
Project("{8BC9CEB8-8B4A-11D0-8D11-00A0C91BC942}") = "tz1", "tz\tz.vcxproj", "{4052BCBD-FED4-4D82-AE99-1D15A105CF6B}"
EndProject
Project("{8BC9CEB8-8B4A-11D0-8D11-00A0C91BC942}") = "tz2", "tz2\tz2.vcxproj", "{9EB7F4AD-BC1A-46D5-AAEA-D22C2EC7E571}"
EndProject
Project("{8BC9CEB8-8B4A-11D0-8D11-00A0C91BC942}") = "tz4-10", "tz4-10\tz4-10.vcxproj", "{4A497BBA-C0E9-4104-9A37-CBD0EBB1A26D}"
EndProject
Project("{8BC9CEB8-8B4A-11D0-8D11-00A0C91BC942}") = "tz4", "tz4\tz4.vcxproj", "{967FA26D-7752-488D-A0C0-CDF6F0F4D748}"
EndProject
Global
	GlobalSection(SolutionConfigurationPlatforms) = preSolution
		Debug|x64 = Debug|x64
		Debug|x86 = Debug|x86
		Release|x64 = Release|x64
		Release|x86 = Release|x86
	EndGlobalSection
	GlobalSection(ProjectConfigurationPlatforms) = postSolution
		{4052BCBD-FED4-4D82-AE99-1D15A105CF6B}.Debug|x64.ActiveCfg = Debug|x64
		{4052BCBD-FED4-4D82-AE99-1D15A105CF6B}.Debug|x64.Build.0 = Debug|x64
		{4052BCBD-FED4-4D82-AE99-1D15A105CF6B}.Debug|x86.ActiveCfg = Debug|x64
		{4052BCBD-FED4-4D82-AE99-1D15A105CF6B}.Debug|x86.Build.0 = Debug|x64
		{4052BCBD-FED4-4D82-AE99-1D15A105CF6B}.Release|x64.ActiveCfg = Release|x64
		{4052BCBD-FED4-4D82-AE99-1D15A105CF6B}.Release|x64.Build.0 = Release|x64
		{4052BCBD-FED4-4D82-AE99-1D15A105CF6B}.Release|x86.ActiveCfg = Release|Win32
		{4052BCBD-FED4-4D82-AE99-1D15A105CF6B}.Release|x86.Build.0 = Release|Win32
		{9EB7F4AD-BC1A-46D5-AAEA-D22C2EC7E571}.Debug|x64.ActiveCfg = Debug|x64
		{9EB7F4AD-BC1A-46D5-AAEA-D22C2EC7E571}.Debug|x64.Build.0 = Debug|x64
		{9EB7F4AD-BC1A-46D5-AAEA-D22C2EC7E571}.Debug|x86.ActiveCfg = Debug|Win32
		{9EB7F4AD-BC1A-46D5-AAEA-D22C2EC7E571}.Debug|x86.Build.0 = Debug|Win32
		{9EB7F4AD-BC1A-46D5-AAEA-D22C2EC7E571}.Release|x64.ActiveCfg = Release|x64
		{9EB7F4AD-BC1A-46D5-AAEA-D22C2EC7E571}.Release|x64.Build.0 = Release|x64
		{9EB7F4AD-BC1A-46D5-AAEA-D22C2EC7E571}.Release|x86.ActiveCfg = Release|Win32
		{9EB7F4AD-BC1A-46D5-AAEA-D22C2EC7E571}.Release|x86.Build.0 = Release|Win32
		{4A497BBA-C0E9-4104-9A37-CBD0EBB1A26D}.Debug|x64.ActiveCfg = Debug|x64
		{4A497BBA-C0E9-4104-9A37-CBD0EBB1A26D}.Debug|x64.Build.0 = Debug|x64
		{4A497BBA-C0E9-4104-9A37-CBD0EBB1A26D}.Debug|x86.ActiveCfg = Debug|Win32
		{4A497BBA-C0E9-4104-9A37-CBD0EBB1A26D}.Debug|x86.Build.0 = Debug|Win32
		{4A497BBA-C0E9-4104-9A37-CBD0EBB1A26D}.Release|x64.ActiveCfg = Release|x64
		{4A497BBA-C0E9-4104-9A37-CBD0EBB1A26D}.Release|x64.Build.0 = Release|x64
		{4A497BBA-C0E9-4104-9A37-CBD0EBB1A26D}.Release|x86.ActiveCfg = Release|Win32
		{4A497BBA-C0E9-4104-9A37-CBD0EBB1A26D}.Release|x86.Build.0 = Release|Win32
		{967FA26D-7752-488D-A0C0-CDF6F0F4D748}.Debug|x64.ActiveCfg = Debug|x64
		{967FA26D-7752-488D-A0C0-CDF6F0F4D748}.Debug|x64.Build.0 = Debug|x64
		{967FA26D-7752-488D-A0C0-CDF6F0F4D748}.Debug|x86.ActiveCfg = Debug|Win32
		{967FA26D-7752-488D-A0C0-CDF6F0F4D748}.Debug|x86.Build.0 = Debug|Win32
		{967FA26D-7752-488D-A0C0-CDF6F0F4D748}.Release|x64.ActiveCfg = Release|x64
		{967FA26D-7752-488D-A0C0-CDF6F0F4D748}.Release|x64.Build.0 = Release|x64
		{967FA26D-7752-488D-A0C0-CDF6F0F4D748}.Release|x86.ActiveCfg = Release|Win32
		{967FA26D-7752-488D-A0C0-CDF6F0F4D748}.Release|x86.Build.0 = Release|Win32
	EndGlobalSection
	GlobalSection(SolutionProperties) = preSolution
		HideSolutionNode = FALSE
	EndGlobalSection
	GlobalSection(ExtensibilityGlobals) = postSolution
		SolutionGuid = {B9BB24C0-7040-4F1A-B035-82D4B38FEB0E}
	EndGlobalSection
EndGlobal
