
Microsoft Visual Studio Solution File, Format Version 12.00
# Visual Studio Version 17
VisualStudioVersion = 17.10.35004.147
MinimumVisualStudioVersion = 10.0.40219.1
Project("{8BC9CEB8-8B4A-11D0-8D11-00A0C91BC942}") = "tz1x", "tz\tz.vcxproj", "{4052BCBD-FED4-4D82-AE99-1D15A105CF6B}"
EndProject
Project("{8BC9CEB8-8B4A-11D0-8D11-00A0C91BC942}") = "tz2x", "tz2\tz2.vcxproj", "{9EB7F4AD-BC1A-46D5-AAEA-D22C2EC7E571}"
EndProject
Project("{8BC9CEB8-8B4A-11D0-8D11-00A0C91BC942}") = "tz4-10", "tz4-10\tz4-10.vcxproj", "{4A497BBA-C0E9-4104-9A37-CBD0EBB1A26D}"
EndProject
Project("{8BC9CEB8-8B4A-11D0-8D11-00A0C91BC942}") = "tz4x-1", "tz4\tz4.vcxproj", "{967FA26D-7752-488D-A0C0-CDF6F0F4D748}"
EndProject
Project("{8BC9CEB8-8B4A-11D0-8D11-00A0C91BC942}") = "tz4-12", "tz 4-12\tz 4-12.vcxproj", "{77310E97-0BC6-4378-861E-7BF580D75C19}"
EndProject
Project("{8BC9CEB8-8B4A-11D0-8D11-00A0C91BC942}") = "tz4x-2", "tz4x2\tz4x2.vcxproj", "{EB01DD12-5B5D-4913-9980-C53A84297CB9}"
EndProject
Project("{2150E333-8FDC-42A3-9474-1A3956D46DE8}") = "tz1", "tz1", "{624EC72E-1F92-4F21-B844-9921EE6DC88C}"
EndProject
Project("{2150E333-8FDC-42A3-9474-1A3956D46DE8}") = "tz2", "tz2", "{9C7D8CD7-8437-4FF1-8364-AA79BD8D4A05}"
EndProject
Project("{2150E333-8FDC-42A3-9474-1A3956D46DE8}") = "tz3", "tz3", "{53BDFEAA-01CB-41BE-B4A7-5BAFAF804CF5}"
EndProject
Project("{2150E333-8FDC-42A3-9474-1A3956D46DE8}") = "tz4", "tz4", "{D241C0CC-83C7-45AA-B2F6-1B2D49AC9042}"
EndProject
Project("{2150E333-8FDC-42A3-9474-1A3956D46DE8}") = "tz5", "tz5", "{10EFE608-3305-43D8-867D-0B17A4EFC177}"
EndProject
Project("{2150E333-8FDC-42A3-9474-1A3956D46DE8}") = "tz6", "tz6", "{D6AED9E6-308D-4576-AE75-E6476593017C}"
EndProject
Project("{2150E333-8FDC-42A3-9474-1A3956D46DE8}") = "tz7", "tz7", "{256D7A2F-AA5D-4B7D-AF33-89CE288B508B}"
EndProject
Project("{2150E333-8FDC-42A3-9474-1A3956D46DE8}") = "tz8", "tz8", "{F83A5326-D67E-4CD1-8629-F446960544CF}"
EndProject
Project("{2150E333-8FDC-42A3-9474-1A3956D46DE8}") = "tz9", "tz9", "{3D51752A-A98E-431F-A1AB-A6CBA2FEDB1E}"
EndProject
Project("{2150E333-8FDC-42A3-9474-1A3956D46DE8}") = "tz10", "tz10", "{9C95DB43-A245-42CF-9B55-B2570AD400B4}"
EndProject
Project("{2150E333-8FDC-42A3-9474-1A3956D46DE8}") = "tz11", "tz11", "{68EFA318-499C-4E1C-A870-5094443454F1}"
EndProject
Project("{8BC9CEB8-8B4A-11D0-8D11-00A0C91BC942}") = "tz3x-1", "tz3x-1\tz3x-1.vcxproj", "{7CE9C2B0-3781-4438-BE09-7A81F6FA5D2A}"
EndProject
Project("{8BC9CEB8-8B4A-11D0-8D11-00A0C91BC942}") = "tz3x-2", "tz3x-2\tz3x-2.vcxproj", "{20510316-ED0A-413E-9B54-5E4D67708F42}"
EndProject
Global
	GlobalSection(SolutionConfigurationPlatforms) = preSolution
		Debug|x64 = Debug|x64
		Debug|x86 = Debug|x86
		Release|x64 = Release|x64
		Release|x86 = Release|x86
	EndGlobalSection
	GlobalSection(ProjectConfigurationPlatforms) = postSolution
		{4052BCBD-FED4-4D82-AE99-1D15A105CF6B}.Debug|x64.ActiveCfg = Debug|x64
		{4052BCBD-FED4-4D82-AE99-1D15A105CF6B}.Debug|x64.Build.0 = Debug|x64
		{4052BCBD-FED4-4D82-AE99-1D15A105CF6B}.Debug|x86.ActiveCfg = Debug|Win32
		{4052BCBD-FED4-4D82-AE99-1D15A105CF6B}.Debug|x86.Build.0 = Debug|Win32
		{4052BCBD-FED4-4D82-AE99-1D15A105CF6B}.Release|x64.ActiveCfg = Release|x64
		{4052BCBD-FED4-4D82-AE99-1D15A105CF6B}.Release|x64.Build.0 = Release|x64
		{4052BCBD-FED4-4D82-AE99-1D15A105CF6B}.Release|x86.ActiveCfg = Release|Win32
		{4052BCBD-FED4-4D82-AE99-1D15A105CF6B}.Release|x86.Build.0 = Release|Win32
		{9EB7F4AD-BC1A-46D5-AAEA-D22C2EC7E571}.Debug|x64.ActiveCfg = Debug|x64
		{9EB7F4AD-BC1A-46D5-AAEA-D22C2EC7E571}.Debug|x64.Build.0 = Debug|x64
		{9EB7F4AD-BC1A-46D5-AAEA-D22C2EC7E571}.Debug|x86.ActiveCfg = Debug|Win32
		{9EB7F4AD-BC1A-46D5-AAEA-D22C2EC7E571}.Debug|x86.Build.0 = Debug|Win32
		{9EB7F4AD-BC1A-46D5-AAEA-D22C2EC7E571}.Release|x64.ActiveCfg = Release|x64
		{9EB7F4AD-BC1A-46D5-AAEA-D22C2EC7E571}.Release|x64.Build.0 = Release|x64
		{9EB7F4AD-BC1A-46D5-AAEA-D22C2EC7E571}.Release|x86.ActiveCfg = Release|Win32
		{9EB7F4AD-BC1A-46D5-AAEA-D22C2EC7E571}.Release|x86.Build.0 = Release|Win32
		{4A497BBA-C0E9-4104-9A37-CBD0EBB1A26D}.Debug|x64.ActiveCfg = Debug|x64
		{4A497BBA-C0E9-4104-9A37-CBD0EBB1A26D}.Debug|x64.Build.0 = Debug|x64
		{4A497BBA-C0E9-4104-9A37-CBD0EBB1A26D}.Debug|x86.ActiveCfg = Debug|Win32
		{4A497BBA-C0E9-4104-9A37-CBD0EBB1A26D}.Debug|x86.Build.0 = Debug|Win32
		{4A497BBA-C0E9-4104-9A37-CBD0EBB1A26D}.Release|x64.ActiveCfg = Release|x64
		{4A497BBA-C0E9-4104-9A37-CBD0EBB1A26D}.Release|x64.Build.0 = Release|x64
		{4A497BBA-C0E9-4104-9A37-CBD0EBB1A26D}.Release|x86.ActiveCfg = Release|Win32
		{4A497BBA-C0E9-4104-9A37-CBD0EBB1A26D}.Release|x86.Build.0 = Release|Win32
		{967FA26D-7752-488D-A0C0-CDF6F0F4D748}.Debug|x64.ActiveCfg = Debug|x64
		{967FA26D-7752-488D-A0C0-CDF6F0F4D748}.Debug|x64.Build.0 = Debug|x64
		{967FA26D-7752-488D-A0C0-CDF6F0F4D748}.Debug|x86.ActiveCfg = Debug|Win32
		{967FA26D-7752-488D-A0C0-CDF6F0F4D748}.Debug|x86.Build.0 = Debug|Win32
		{967FA26D-7752-488D-A0C0-CDF6F0F4D748}.Release|x64.ActiveCfg = Release|x64
		{967FA26D-7752-488D-A0C0-CDF6F0F4D748}.Release|x64.Build.0 = Release|x64
		{967FA26D-7752-488D-A0C0-CDF6F0F4D748}.Release|x86.ActiveCfg = Release|Win32
		{967FA26D-7752-488D-A0C0-CDF6F0F4D748}.Release|x86.Build.0 = Release|Win32
		{77310E97-0BC6-4378-861E-7BF580D75C19}.Debug|x64.ActiveCfg = Debug|x64
		{77310E97-0BC6-4378-861E-7BF580D75C19}.Debug|x64.Build.0 = Debug|x64
		{77310E97-0BC6-4378-861E-7BF580D75C19}.Debug|x86.ActiveCfg = Debug|Win32
		{77310E97-0BC6-4378-861E-7BF580D75C19}.Debug|x86.Build.0 = Debug|Win32
		{77310E97-0BC6-4378-861E-7BF580D75C19}.Release|x64.ActiveCfg = Release|x64
		{77310E97-0BC6-4378-861E-7BF580D75C19}.Release|x64.Build.0 = Release|x64
		{77310E97-0BC6-4378-861E-7BF580D75C19}.Release|x86.ActiveCfg = Release|Win32
		{77310E97-0BC6-4378-861E-7BF580D75C19}.Release|x86.Build.0 = Release|Win32
		{EB01DD12-5B5D-4913-9980-C53A84297CB9}.Debug|x64.ActiveCfg = Debug|x64
		{EB01DD12-5B5D-4913-9980-C53A84297CB9}.Debug|x64.Build.0 = Debug|x64
		{EB01DD12-5B5D-4913-9980-C53A84297CB9}.Debug|x86.ActiveCfg = Debug|Win32
		{EB01DD12-5B5D-4913-9980-C53A84297CB9}.Debug|x86.Build.0 = Debug|Win32
		{EB01DD12-5B5D-4913-9980-C53A84297CB9}.Release|x64.ActiveCfg = Release|x64
		{EB01DD12-5B5D-4913-9980-C53A84297CB9}.Release|x64.Build.0 = Release|x64
		{EB01DD12-5B5D-4913-9980-C53A84297CB9}.Release|x86.ActiveCfg = Release|Win32
		{EB01DD12-5B5D-4913-9980-C53A84297CB9}.Release|x86.Build.0 = Release|Win32
		{7CE9C2B0-3781-4438-BE09-7A81F6FA5D2A}.Debug|x64.ActiveCfg = Debug|x64
		{7CE9C2B0-3781-4438-BE09-7A81F6FA5D2A}.Debug|x64.Build.0 = Debug|x64
		{7CE9C2B0-3781-4438-BE09-7A81F6FA5D2A}.Debug|x86.ActiveCfg = Debug|Win32
		{7CE9C2B0-3781-4438-BE09-7A81F6FA5D2A}.Debug|x86.Build.0 = Debug|Win32
		{7CE9C2B0-3781-4438-BE09-7A81F6FA5D2A}.Release|x64.ActiveCfg = Release|x64
		{7CE9C2B0-3781-4438-BE09-7A81F6FA5D2A}.Release|x64.Build.0 = Release|x64
		{7CE9C2B0-3781-4438-BE09-7A81F6FA5D2A}.Release|x86.ActiveCfg = Release|Win32
		{7CE9C2B0-3781-4438-BE09-7A81F6FA5D2A}.Release|x86.Build.0 = Release|Win32
		{20510316-ED0A-413E-9B54-5E4D67708F42}.Debug|x64.ActiveCfg = Debug|x64
		{20510316-ED0A-413E-9B54-5E4D67708F42}.Debug|x64.Build.0 = Debug|x64
		{20510316-ED0A-413E-9B54-5E4D67708F42}.Debug|x86.ActiveCfg = Debug|Win32
		{20510316-ED0A-413E-9B54-5E4D67708F42}.Debug|x86.Build.0 = Debug|Win32
		{20510316-ED0A-413E-9B54-5E4D67708F42}.Release|x64.ActiveCfg = Release|x64
		{20510316-ED0A-413E-9B54-5E4D67708F42}.Release|x64.Build.0 = Release|x64
		{20510316-ED0A-413E-9B54-5E4D67708F42}.Release|x86.ActiveCfg = Release|Win32
		{20510316-ED0A-413E-9B54-5E4D67708F42}.Release|x86.Build.0 = Release|Win32
	EndGlobalSection
	GlobalSection(SolutionProperties) = preSolution
		HideSolutionNode = FALSE
	EndGlobalSection
	GlobalSection(NestedProjects) = preSolution
		{4052BCBD-FED4-4D82-AE99-1D15A105CF6B} = {624EC72E-1F92-4F21-B844-9921EE6DC88C}
		{9EB7F4AD-BC1A-46D5-AAEA-D22C2EC7E571} = {9C7D8CD7-8437-4FF1-8364-AA79BD8D4A05}
		{4A497BBA-C0E9-4104-9A37-CBD0EBB1A26D} = {D241C0CC-83C7-45AA-B2F6-1B2D49AC9042}
		{967FA26D-7752-488D-A0C0-CDF6F0F4D748} = {D241C0CC-83C7-45AA-B2F6-1B2D49AC9042}
		{77310E97-0BC6-4378-861E-7BF580D75C19} = {D241C0CC-83C7-45AA-B2F6-1B2D49AC9042}
		{EB01DD12-5B5D-4913-9980-C53A84297CB9} = {D241C0CC-83C7-45AA-B2F6-1B2D49AC9042}
		{7CE9C2B0-3781-4438-BE09-7A81F6FA5D2A} = {53BDFEAA-01CB-41BE-B4A7-5BAFAF804CF5}
		{20510316-ED0A-413E-9B54-5E4D67708F42} = {53BDFEAA-01CB-41BE-B4A7-5BAFAF804CF5}
	EndGlobalSection
	GlobalSection(ExtensibilityGlobals) = postSolution
		SolutionGuid = {B9BB24C0-7040-4F1A-B035-82D4B38FEB0E}
	EndGlobalSection
EndGlobal
